// !$*UTF8*$!
{
	archiveVersion = 1;
	classes = {
	};
	objectVersion = 46;
	objects = {

/* Begin PBXBuildFile section */
		F107FA8A1DEDDF0700EF2139 /* main.c in Sources */ = {isa = PBXBuildFile; fileRef = F107FA891DEDDF0700EF2139 /* main.c */; };
/* End PBXBuildFile section */

/* Begin PBXCopyFilesBuildPhase section */
		F107FA841DEDDF0400EF2139 /* CopyFiles */ = {
			isa = PBXCopyFilesBuildPhase;
			buildActionMask = 2147483647;
			dstPath = /usr/share/man/man1/;
			dstSubfolderSpec = 0;
			files = (
			);
			runOnlyForDeploymentPostprocessing = 1;
		};
/* End PBXCopyFilesBuildPhase section */

/* Begin PBXFileReference section */
		F107FA861DEDDF0700EF2139 /* Base_de_Alumnos */ = {isa = PBXFileReference; explicitFileType = "compiled.mach-o.executable"; includeInIndex = 0; path = Base_de_Alumnos; sourceTree = BUILT_PRODUCTS_DIR; };
		F107FA891DEDDF0700EF2139 /* main.c */ = {isa = PBXFileReference; lastKnownFileType = sourcecode.c.c; path = main.c; sourceTree = "<group>"; };
/* End PBXFileReference section */

/* Begin PBXFrameworksBuildPhase section */
		F107FA831DEDDF0400EF2139 /* Frameworks */ = {
			isa = PBXFrameworksBuildPhase;
			buildActionMask = 2147483647;
			files = (
			);
			runOnlyForDeploymentPostprocessing = 0;
		};
/* End PBXFrameworksBuildPhase section */

/* Begin PBXGroup section */
		F107FA7D1DEDDF0400EF2139 = {
			isa = PBXGroup;
			children = (
				F107FA881DEDDF0700EF2139 /* Base_de_Alumnos */,
				F107FA871DEDDF0700EF2139 /* Products */,
			);
			sourceTree = "<group>";
		};
		F107FA871DEDDF0700EF2139 /* Products */ = {
			isa = PBXGroup;
			children = (
				F107FA861DEDDF0700EF2139 /* Base_de_Alumnos */,
			);
			name = Products;
			sourceTree = "<group>";
		};
		F107FA881DEDDF0700EF2139 /* Base_de_Alumnos */ = {
			isa = PBXGroup;
			children = (
				F107FA891DEDDF0700EF2139 /* main.c */,
			);
			path = Base_de_Alumnos;
			sourceTree = "<group>";
		};
/* End PBXGroup section */

/* Begin PBXNativeTarget section */
		F107FA851DEDDF0400EF2139 /* Base_de_Alumnos */ = {
			isa = PBXNativeTarget;
			buildConfigurationList = F107FA8D1DEDDF0700EF2139 /* Build configuration list for PBXNativeTarget "Base_de_Alumnos" */;
			buildPhases = (
				F107FA821DEDDF0400EF2139 /* Sources */,
				F107FA831DEDDF0400EF2139 /* Frameworks */,
				F107FA841DEDDF0400EF2139 /* CopyFiles */,
			);
			buildRules = (
			);
			dependencies = (
			);
			name = Base_de_Alumnos;
			productName = Base_de_Alumnos;
			productReference = F107FA861DEDDF0700EF2139 /* Base_de_Alumnos */;
			productType = "com.apple.product-type.tool";
		};
/* End PBXNativeTarget section */

/* Begin PBXProject section */
		F107FA7E1DEDDF0400EF2139 /* Project object */ = {
			isa = PBXProject;
			attributes = {
				LastUpgradeCheck = 0810;
				ORGANIZATIONNAME = "Diego Eduardo Rosas González";
				TargetAttributes = {
					F107FA851DEDDF0400EF2139 = {
						CreatedOnToolsVersion = 8.1;
						DevelopmentTeam = RNX3595GX3;
						ProvisioningStyle = Automatic;
					};
				};
			};
			buildConfigurationList = F107FA811DEDDF0400EF2139 /* Build configuration list for PBXProject "Base_de_Alumnos" */;
			compatibilityVersion = "Xcode 3.2";
			developmentRegion = English;
			hasScannedForEncodings = 0;
			knownRegions = (
				en,
			);
			mainGroup = F107FA7D1DEDDF0400EF2139;
			productRefGroup = F107FA871DEDDF0700EF2139 /* Products */;
			projectDirPath = "";
			projectRoot = "";
			targets = (
				F107FA851DEDDF0400EF2139 /* Base_de_Alumnos */,
			);
		};
/* End PBXProject section */

/* Begin PBXSourcesBuildPhase section */
		F107FA821DEDDF0400EF2139 /* Sources */ = {
			isa = PBXSourcesBuildPhase;
			buildActionMask = 2147483647;
			files = (
				F107FA8A1DEDDF0700EF2139 /* main.c in Sources */,
			);
			runOnlyForDeploymentPostprocessing = 0;
		};
/* End PBXSourcesBuildPhase section */

/* Begin XCBuildConfiguration section */
		F107FA8B1DEDDF0700EF2139 /* Debug */ = {
			isa = XCBuildConfiguration;
			buildSettings = {
				ALWAYS_SEARCH_USER_PATHS = NO;
				CLANG_ANALYZER_NONNULL = YES;
				CLANG_CXX_LANGUAGE_STANDARD = "gnu++0x";
				CLANG_CXX_LIBRARY = "libc++";
				CLANG_ENABLE_MODULES = YES;
				CLANG_ENABLE_OBJC_ARC = YES;
				CLANG_WARN_BOOL_CONVERSION = YES;
				CLANG_WARN_CONSTANT_CONVERSION = YES;
				CLANG_WARN_DIRECT_OBJC_ISA_USAGE = YES_ERROR;
				CLANG_WARN_DOCUMENTATION_COMMENTS = YES;
				CLANG_WARN_EMPTY_BODY = YES;
				CLANG_WARN_ENUM_CONVERSION = YES;
				CLANG_WARN_INFINITE_RECURSION = YES;
				CLANG_WARN_INT_CONVERSION = YES;
				CLANG_WARN_OBJC_ROOT_CLASS = YES_ERROR;
				CLANG_WARN_SUSPICIOUS_MOVES = YES;
				CLANG_WARN_UNREACHABLE_CODE = YES;
				CLANG_WARN__DUPLICATE_METHOD_MATCH = YES;
				CODE_SIGN_IDENTITY = "-";
				COPY_PHASE_STRIP = NO;
				DEBUG_INFORMATION_FORMAT = dwarf;
				ENABLE_STRICT_OBJC_MSGSEND = YES;
				ENABLE_TESTABILITY = YES;
				GCC_C_LANGUAGE_STANDARD = gnu99;
				GCC_DYNAMIC_NO_PIC = NO;
				GCC_NO_COMMON_BLOCKS = YES;
				GCC_OPTIMIZATION_LEVEL = 0;
				GCC_PREPROCESSOR_DEFINITIONS = (
					"DEBUG=1",
					"$(inherited)",
				);
				GCC_WARN_64_TO_32_BIT_CONVERSION = YES;
				GCC_WARN_ABOUT_RETURN_TYPE = YES_ERROR;
				GCC_WARN_UNDECLARED_SELECTOR = YES;
				GCC_WARN_UNINITIALIZED_AUTOS = YES_AGGRESSIVE;
				GCC_WARN_UNUSED_FUNCTION = YES;
				GCC_WARN_UNUSED_VARIABLE = YES;
				MACOSX_DEPLOYMENT_TARGET = 10.12;
				MTL_ENABLE_DEBUG_INFO = YES;
				ONLY_ACTIVE_ARCH = YES;
				SDKROOT = macosx;
			};
			name = Debug;
		};
		F107FA8C1DEDDF0700EF2139 /* Release */ = {
			isa = XCBuildConfiguration;
			buildSettings = {
				ALWAYS_SEARCH_USER_PATHS = NO;
				CLANG_ANALYZER_NONNULL = YES;
				CLANG_CXX_LANGUAGE_STANDARD = "gnu++0x";
				CLANG_CXX_LIBRARY = "libc++";
				CLANG_ENABLE_MODULES = YES;
				CLANG_ENABLE_OBJC_ARC = YES;
				CLANG_WARN_BOOL_CONVERSION = YES;
				CLANG_WARN_CONSTANT_CONVERSION = YES;
				CLANG_WARN_DIRECT_OBJC_ISA_USAGE = YES_ERROR;
				CLANG_WARN_DOCUMENTATION_COMMENTS = YES;
				CLANG_WARN_EMPTY_BODY = YES;
				CLANG_WARN_ENUM_CONVERSION = YES;
				CLANG_WARN_INFINITE_RECURSION = YES;
				CLANG_WARN_INT_CONVERSION = YES;
				CLANG_WARN_OBJC_ROOT_CLASS = YES_ERROR;
				CLANG_WARN_SUSPICIOUS_MOVES = YES;
				CLANG_WARN_UNREACHABLE_CODE = YES;
				CLANG_WARN__DUPLICATE_METHOD_MATCH = YES;
				CODE_SIGN_IDENTITY = "-";
				COPY_PHASE_STRIP = NO;
				DEBUG_INFORMATION_FORMAT = "dwarf-with-dsym";
				ENABLE_NS_ASSERTIONS = NO;
				ENABLE_STRICT_OBJC_MSGSEND = YES;
				GCC_C_LANGUAGE_STANDARD = gnu99;
				GCC_NO_COMMON_BLOCKS = YES;
				GCC_WARN_64_TO_32_BIT_CONVERSION = YES;
				GCC_WARN_ABOUT_RETURN_TYPE = YES_ERROR;
				GCC_WARN_UNDECLARED_SELECTOR = YES;
				GCC_WARN_UNINITIALIZED_AUTOS = YES_AGGRESSIVE;
				GCC_WARN_UNUSED_FUNCTION = YES;
				GCC_WARN_UNUSED_VARIABLE = YES;
				MACOSX_DEPLOYMENT_TARGET = 10.12;
				MTL_ENABLE_DEBUG_INFO = NO;
				SDKROOT = macosx;
			};
			name = Release;
		};
		F107FA8E1DEDDF0700EF2139 /* Debug */ = {
			isa = XCBuildConfiguration;
			buildSettings = {
				DEVELOPMENT_TEAM = RNX3595GX3;
				PRODUCT_NAME = "$(TARGET_NAME)";
			};
			name = Debug;
		};
		F107FA8F1DEDDF0700EF2139 /* Release */ = {
			isa = XCBuildConfiguration;
			buildSettings = {
				DEVELOPMENT_TEAM = RNX3595GX3;
				PRODUCT_NAME = "$(TARGET_NAME)";
			};
			name = Release;
		};
/* End XCBuildConfiguration section */

/* Begin XCConfigurationList section */
		F107FA811DEDDF0400EF2139 /* Build configuration list for PBXProject "Base_de_Alumnos" */ = {
			isa = XCConfigurationList;
			buildConfigurations = (
				F107FA8B1DEDDF0700EF2139 /* Debug */,
				F107FA8C1DEDDF0700EF2139 /* Release */,
			);
			defaultConfigurationIsVisible = 0;
			defaultConfigurationName = Release;
		};
		F107FA8D1DEDDF0700EF2139 /* Build configuration list for PBXNativeTarget "Base_de_Alumnos" */ = {
			isa = XCConfigurationList;
			buildConfigurations = (
				F107FA8E1DEDDF0700EF2139 /* Debug */,
				F107FA8F1DEDDF0700EF2139 /* Release */,
			);
			defaultConfigurationIsVisible = 0;
		};
/* End XCConfigurationList section */
	};
	rootObject = F107FA7E1DEDDF0400EF2139 /* Project object */;
}
